
Microsoft Visual Studio Solution File, Format Version 12.00
# Visual Studio Version 17
VisualStudioVersion = 17.6.33417.168
MinimumVisualStudioVersion = 10.0.40219.1
Project("{9A19103F-16F7-4668-BE54-9A1E7A4F7556}") = "OnlineShop.MVC", "OnlineShop.MVC\OnlineShop.MVC.csproj", "{9C35A67F-87C0-423A-8E81-482003218A3D}"
	ProjectSection(ProjectDependencies) = postProject
		{A5C35894-A37C-49BC-A3EF-FE84F58ED4D3} = {A5C35894-A37C-49BC-A3EF-FE84F58ED4D3}
	EndProjectSection
EndProject
Project("{9A19103F-16F7-4668-BE54-9A1E7A4F7556}") = "OnlineShop.DAL", "OnlineShop.DAL\OnlineShop.DAL.csproj", "{A5C35894-A37C-49BC-A3EF-FE84F58ED4D3}"
EndProject
Project("{9A19103F-16F7-4668-BE54-9A1E7A4F7556}") = "OnlineShop.WebAPI", "OnlineShop.WebAPI\OnlineShop.WebAPI.csproj", "{F16CD5C6-3516-44B5-8D83-CD9F44292F81}"
	ProjectSection(ProjectDependencies) = postProject
		{A5C35894-A37C-49BC-A3EF-FE84F58ED4D3} = {A5C35894-A37C-49BC-A3EF-FE84F58ED4D3}
	EndProjectSection
EndProject
Project("{9A19103F-16F7-4668-BE54-9A1E7A4F7556}") = "OnlineShop.Base", "OnlineShop.Base\OnlineShop.Base.csproj", "{3D65CC95-E08E-4B7D-8AD1-D5329532C3F5}"
EndProject
Global
	GlobalSection(SolutionConfigurationPlatforms) = preSolution
		Debug|Any CPU = Debug|Any CPU
		Release|Any CPU = Release|Any CPU
	EndGlobalSection
	GlobalSection(ProjectConfigurationPlatforms) = postSolution
		{9C35A67F-87C0-423A-8E81-482003218A3D}.Debug|Any CPU.ActiveCfg = Debug|Any CPU
		{9C35A67F-87C0-423A-8E81-482003218A3D}.Debug|Any CPU.Build.0 = Debug|Any CPU
		{9C35A67F-87C0-423A-8E81-482003218A3D}.Release|Any CPU.ActiveCfg = Release|Any CPU
		{9C35A67F-87C0-423A-8E81-482003218A3D}.Release|Any CPU.Build.0 = Release|Any CPU
		{A5C35894-A37C-49BC-A3EF-FE84F58ED4D3}.Debug|Any CPU.ActiveCfg = Debug|Any CPU
		{A5C35894-A37C-49BC-A3EF-FE84F58ED4D3}.Debug|Any CPU.Build.0 = Debug|Any CPU
		{A5C35894-A37C-49BC-A3EF-FE84F58ED4D3}.Release|Any CPU.ActiveCfg = Release|Any CPU
		{A5C35894-A37C-49BC-A3EF-FE84F58ED4D3}.Release|Any CPU.Build.0 = Release|Any CPU
		{F16CD5C6-3516-44B5-8D83-CD9F44292F81}.Debug|Any CPU.ActiveCfg = Debug|Any CPU
		{F16CD5C6-3516-44B5-8D83-CD9F44292F81}.Debug|Any CPU.Build.0 = Debug|Any CPU
		{F16CD5C6-3516-44B5-8D83-CD9F44292F81}.Release|Any CPU.ActiveCfg = Release|Any CPU
		{F16CD5C6-3516-44B5-8D83-CD9F44292F81}.Release|Any CPU.Build.0 = Release|Any CPU
		{3D65CC95-E08E-4B7D-8AD1-D5329532C3F5}.Debug|Any CPU.ActiveCfg = Debug|Any CPU
		{3D65CC95-E08E-4B7D-8AD1-D5329532C3F5}.Debug|Any CPU.Build.0 = Debug|Any CPU
		{3D65CC95-E08E-4B7D-8AD1-D5329532C3F5}.Release|Any CPU.ActiveCfg = Release|Any CPU
		{3D65CC95-E08E-4B7D-8AD1-D5329532C3F5}.Release|Any CPU.Build.0 = Release|Any CPU
	EndGlobalSection
	GlobalSection(SolutionProperties) = preSolution
		HideSolutionNode = FALSE
	EndGlobalSection
	GlobalSection(ExtensibilityGlobals) = postSolution
		SolutionGuid = {185AE2F3-C983-47F7-9148-9CBD014BCEC4}
	EndGlobalSection
EndGlobal
